
Microsoft Visual Studio Solution File, Format Version 12.00
# Visual Studio Version 17
VisualStudioVersion = 17.5.002.0
MinimumVisualStudioVersion = 10.0.40219.1
Project("{9A19103F-16F7-4668-BE54-9A1E7A4F7556}") = "minial-api", "minial-api.csproj", "{7F31DD2E-B07C-46EC-8371-CEA1D05FA744}"
EndProject
Global
	GlobalSection(SolutionConfigurationPlatforms) = preSolution
		Debug|Any CPU = Debug|Any CPU
		Release|Any CPU = Release|Any CPU
	EndGlobalSection
	GlobalSection(ProjectConfigurationPlatforms) = postSolution
		{7F31DD2E-B07C-46EC-8371-CEA1D05FA744}.Debug|Any CPU.ActiveCfg = Debug|Any CPU
		{7F31DD2E-B07C-46EC-8371-CEA1D05FA744}.Debug|Any CPU.Build.0 = Debug|Any CPU
		{7F31DD2E-B07C-46EC-8371-CEA1D05FA744}.Release|Any CPU.ActiveCfg = Release|Any CPU
		{7F31DD2E-B07C-46EC-8371-CEA1D05FA744}.Release|Any CPU.Build.0 = Release|Any CPU
	EndGlobalSection
	GlobalSection(SolutionProperties) = preSolution
		HideSolutionNode = FALSE
	EndGlobalSection
	GlobalSection(ExtensibilityGlobals) = postSolution
		SolutionGuid = {F03F98B5-31D2-4DEA-805B-C7B13F21C09E}
	EndGlobalSection
EndGlobal
